schema: '2.0'
stages:
  fetchLiveBench:
    cmd: pnpm exec tsx src/fetchLiveBench.ts
    deps:
    - path: src/fetchLiveBench.ts
      hash: md5
      md5: 5cbde1733a1af0b5e13647126f16bdc0
      size: 4900
    outs:
    - path: out/livebench.csv
      hash: md5
      md5: 578d47d3e583daa2388cb54c4b401d34
      size: 20450
    - path: out/livebench_categories.json
      hash: md5
      md5: 039552ac5fc27e5ee89538fafa0aa0aa
      size: 725
    - path: out/livebench_release.txt
      hash: md5
      md5: 2455eac50faf5e56fcdcaa3f20f142c5
      size: 10
  processLiveBench:
    cmd: pnpm exec tsx src/processLiveBench.ts
    deps:
    - path: out/livebench.csv
      hash: md5
      md5: 578d47d3e583daa2388cb54c4b401d34
      size: 20450
    - path: out/livebench_categories.json
      hash: md5
      md5: 039552ac5fc27e5ee89538fafa0aa0aa
      size: 725
    - path: src/processLiveBench.ts
      hash: md5
      md5: 2d35dc43485a97ccdf4561cd12de96fe
      size: 7784
    outs:
    - path: out/livebench_scores.json
      hash: md5
      md5: 64605de8f836fe3cb478f824b0be83ac
      size: 130896
  fetchLiveBenchModelConfig:
    cmd: pnpm exec tsx src/fetchLiveBenchModelConfig.ts
    deps:
    - path: out/livebench.csv
      hash: md5
      md5: 578d47d3e583daa2388cb54c4b401d34
      size: 20450
    - path: src/fetchLiveBenchModelConfig.ts
      hash: md5
      md5: 8c707b2d3dbad64cb26f121c916cc966
      size: 14483
    outs:
    - path: out/livebench_model_config.json
      hash: md5
      md5: 2d184ada254ddea241455523c8e37ece
      size: 76270
  fetchOpenRouter:
    cmd: pnpm exec tsx src/fetchOpenRouter.ts
    deps:
    - path: src/fetchOpenRouter.ts
      hash: md5
      md5: 69a8274b9794769ea629973095e27838
      size: 2603
    outs:
    - path: out/openrouter_models.json
      hash: md5
      md5: 1f01de7bdf85b849efdcc84ec485ee99
      size: 113749
  normalizeModelIds:
    cmd: pnpm exec tsx src/normalizeModelIds.ts
    deps:
    - path: out/livebench_scores.json
      hash: md5
      md5: 64605de8f836fe3cb478f824b0be83ac
      size: 130896
    - path: out/openrouter_models.json
      hash: md5
      md5: 1f01de7bdf85b849efdcc84ec485ee99
      size: 113749
    - path: src/normalizeModelIds.ts
      hash: md5
      md5: 9293ffeb60966f289480cb08f0ebc9c9
      size: 18363
    outs:
    - path: out/livebench_normalized.json
      hash: md5
      md5: 3bd93fa408cf1bf425870122c7a5a51e
      size: 133043
  fetchOllama:
    cmd: pnpm exec tsx src/fetchOllama.ts
    deps:
    - path: out/livebench.csv
      hash: md5
      md5: 578d47d3e583daa2388cb54c4b401d34
      size: 20450
    - path: src/fetchOllama.ts
      hash: md5
      md5: 004f5b77e54b4d4b4e030efaac16aefa
      size: 6969
    outs:
    - path: out/ollama.json
      hash: md5
      md5: cd5d2c9cbfd5bbc6af2cb0d8bdcb2497
      size: 45858
  exportLBFull:
    cmd: pnpm exec tsx src/exportLBFull.ts
    deps:
    - path: out/livebench_model_config.json
      hash: md5
      md5: 2d184ada254ddea241455523c8e37ece
      size: 76270
    - path: out/livebench_normalized.json
      hash: md5
      md5: 3bd93fa408cf1bf425870122c7a5a51e
      size: 133043
    - path: out/livebench_scores.json
      hash: md5
      md5: 64605de8f836fe3cb478f824b0be83ac
      size: 130896
    - path: out/ollama.json
      hash: md5
      md5: cd5d2c9cbfd5bbc6af2cb0d8bdcb2497
      size: 45858
    - path: out/openrouter_models.json
      hash: md5
      md5: 1f01de7bdf85b849efdcc84ec485ee99
      size: 113749
    - path: src/exportLBFull.ts
      hash: md5
      md5: 9bfc4d631ada8d7ad49ed7b004b19f78
      size: 34963
    outs:
    - path: ../website/static/benchmark_lb.json
      hash: md5
      md5: c0bec138a0a99eb665f93632924414e8
      size: 177888
    - path: ../website/static/data-hash.json
      hash: md5
      md5: f6d78e629dce68c1b8b31aa5e28327bd
      size: 112
    - path: out/benchmark_lb.json
      hash: md5
      md5: c0bec138a0a99eb665f93632924414e8
      size: 177888
  exportInference:
    cmd: pnpm exec tsx src/exportInference.ts
    deps:
    - path: out/benchmark_lb.json
      hash: md5
      md5: a48961e4ff93bafe5c9b2fe6e134a9f9
      size: 74442
    - path: out/ollama.json
      hash: md5
      md5: 4a2a9aba4270074155ed8947b79de9d0
      size: 35033
    - path: src/exportInference.ts
      hash: md5
      md5: b9ed775847dd2260becf5a7ad503a4bc
      size: 4445
    outs:
    - path: out/inference.json
      hash: md5
      md5: 8b57dd2fb8a6ea9cffa35f96518eb56e
      size: 14853
  copyToWebsite:
    cmd: pnpm exec tsx src/copyToWebsite.ts
    deps:
    - path: out/benchmark_lb.json
      hash: md5
      md5: a48961e4ff93bafe5c9b2fe6e134a9f9
      size: 74442
    - path: out/inference.json
      hash: md5
      md5: 8b57dd2fb8a6ea9cffa35f96518eb56e
      size: 14853
    - path: src/copyToWebsite.ts
      hash: md5
      md5: 885cc00d1e4c1d04adec6a71777ae525
      size: 2711
    outs:
    - path: ../website/static/benchmark_lb.json
      hash: md5
      md5: a48961e4ff93bafe5c9b2fe6e134a9f9
      size: 74442
    - path: ../website/static/inference.json
      hash: md5
      md5: 8b57dd2fb8a6ea9cffa35f96518eb56e
      size: 14853
  generateLayout:
    cmd: pnpm exec tsx src/generateLayout.ts
    deps:
    - path: src/generateLayout.ts
      hash: md5
      md5: 5a1b931a5b6752e54ef98965b16a63e8
      size: 4523
    outs:
    - path: ../website/src/lib/pipeline_graph.json
      hash: md5
      md5: b9b30d2d6c9af8963379ba3c7d7101e5
      size: 22903
